
Microsoft Visual Studio Solution File, Format Version 12.00
# Visual Studio 15
VisualStudioVersion = 15.0.27130.2027
MinimumVisualStudioVersion = 10.0.40219.1
Project("{FAE04EC0-301F-11D3-BF4B-00C04F79EFBC}") = "AdaPos", "AdaPos\AdaPos.csproj", "{A0897A5B-F38D-4FD3-9254-D34E9FB5E65F}"
EndProject
Global
	GlobalSection(SolutionConfigurationPlatforms) = preSolution
		Debug|Any CPU = Debug|Any CPU
		Debug|x64 = Debug|x64
		Release|Any CPU = Release|Any CPU
		Release|x64 = Release|x64
	EndGlobalSection
	GlobalSection(ProjectConfigurationPlatforms) = postSolution
		{A0897A5B-F38D-4FD3-9254-D34E9FB5E65F}.Debug|Any CPU.ActiveCfg = Debug|Any CPU
		{A0897A5B-F38D-4FD3-9254-D34E9FB5E65F}.Debug|Any CPU.Build.0 = Debug|Any CPU
		{A0897A5B-F38D-4FD3-9254-D34E9FB5E65F}.Debug|x64.ActiveCfg = Debug|Any CPU
		{A0897A5B-F38D-4FD3-9254-D34E9FB5E65F}.Debug|x64.Build.0 = Debug|Any CPU
		{A0897A5B-F38D-4FD3-9254-D34E9FB5E65F}.Release|Any CPU.ActiveCfg = Release|Any CPU
		{A0897A5B-F38D-4FD3-9254-D34E9FB5E65F}.Release|Any CPU.Build.0 = Release|Any CPU
		{A0897A5B-F38D-4FD3-9254-D34E9FB5E65F}.Release|x64.ActiveCfg = Release|x64
		{A0897A5B-F38D-4FD3-9254-D34E9FB5E65F}.Release|x64.Build.0 = Release|x64
	EndGlobalSection
	GlobalSection(SolutionProperties) = preSolution
		HideSolutionNode = FALSE
	EndGlobalSection
	GlobalSection(ExtensibilityGlobals) = postSolution
		SolutionGuid = {18491CEA-700A-4B4C-8442-497B7638E178}
	EndGlobalSection
	GlobalSection(TeamFoundationVersionControl) = preSolution
		SccNumberOfProjects = 2
		SccEnterpriseProvider = {4CA58AB2-18FA-4F8D-95D4-32DDF27D184C}
		SccTeamFoundationServer = http://192.168.0.104:8080/tfs/adaposv5collections
		SccLocalPath0 = .
		SccProjectUniqueName1 = AdaPos\\AdaPos.csproj
		SccProjectName1 = AdaPos
		SccLocalPath1 = AdaPos
	EndGlobalSection
EndGlobal
