
Microsoft Visual Studio Solution File, Format Version 12.00
# Visual Studio 15
VisualStudioVersion = 15.0.28307.136
MinimumVisualStudioVersion = 10.0.40219.1
Project("{FAE04EC0-301F-11D3-BF4B-00C04F79EFBC}") = "API2PSSale", "API2PSSale\API2PSSale.csproj", "{8CFA5DAD-1854-45CC-AF10-F88855384D1B}"
EndProject
Global
	GlobalSection(SolutionConfigurationPlatforms) = preSolution
		Debug|Any CPU = Debug|Any CPU
		Release|Any CPU = Release|Any CPU
	EndGlobalSection
	GlobalSection(ProjectConfigurationPlatforms) = postSolution
		{8CFA5DAD-1854-45CC-AF10-F88855384D1B}.Debug|Any CPU.ActiveCfg = Debug|Any CPU
		{8CFA5DAD-1854-45CC-AF10-F88855384D1B}.Debug|Any CPU.Build.0 = Debug|Any CPU
		{8CFA5DAD-1854-45CC-AF10-F88855384D1B}.Release|Any CPU.ActiveCfg = Release|Any CPU
		{8CFA5DAD-1854-45CC-AF10-F88855384D1B}.Release|Any CPU.Build.0 = Release|Any CPU
	EndGlobalSection
	GlobalSection(SolutionProperties) = preSolution
		HideSolutionNode = FALSE
	EndGlobalSection
	GlobalSection(ExtensibilityGlobals) = postSolution
		SolutionGuid = {72B8F00D-BBAB-484B-85E7-3A4520329B66}
	EndGlobalSection
	GlobalSection(TeamFoundationVersionControl) = preSolution
		SccNumberOfProjects = 2
		SccEnterpriseProvider = {4CA58AB2-18FA-4F8D-95D4-32DDF27D184C}
		SccTeamFoundationServer = http://192.168.0.104:8080/tfs/adaposv5collections
		SccLocalPath0 = .
		SccProjectUniqueName1 = API2PSSale\\API2PSSale.csproj
		SccProjectName1 = API2PSSale
		SccLocalPath1 = API2PSSale
	EndGlobalSection
EndGlobal
