
Microsoft Visual Studio Solution File, Format Version 12.00
# Visual Studio 15
VisualStudioVersion = 15.0.28307.572
MinimumVisualStudioVersion = 10.0.40219.1
Project("{FAE04EC0-301F-11D3-BF4B-00C04F79EFBC}") = "AdaTask", "AdaTAsk\AdaTask.csproj", "{8D1EE87E-B76D-4C30-B90A-64A9756DDBAF}"
EndProject
Project("{FAE04EC0-301F-11D3-BF4B-00C04F79EFBC}") = "TestApp", "TestApp\TestApp.csproj", "{D78B08FF-E650-4CB4-BBF2-261A2A087CA1}"
EndProject
Global
	GlobalSection(SolutionConfigurationPlatforms) = preSolution
		Debug|Any CPU = Debug|Any CPU
		Release|Any CPU = Release|Any CPU
	EndGlobalSection
	GlobalSection(ProjectConfigurationPlatforms) = postSolution
		{8D1EE87E-B76D-4C30-B90A-64A9756DDBAF}.Debug|Any CPU.ActiveCfg = Debug|Any CPU
		{8D1EE87E-B76D-4C30-B90A-64A9756DDBAF}.Debug|Any CPU.Build.0 = Debug|Any CPU
		{8D1EE87E-B76D-4C30-B90A-64A9756DDBAF}.Release|Any CPU.ActiveCfg = Release|Any CPU
		{8D1EE87E-B76D-4C30-B90A-64A9756DDBAF}.Release|Any CPU.Build.0 = Release|Any CPU
		{D78B08FF-E650-4CB4-BBF2-261A2A087CA1}.Debug|Any CPU.ActiveCfg = Debug|Any CPU
		{D78B08FF-E650-4CB4-BBF2-261A2A087CA1}.Debug|Any CPU.Build.0 = Debug|Any CPU
		{D78B08FF-E650-4CB4-BBF2-261A2A087CA1}.Release|Any CPU.ActiveCfg = Release|Any CPU
		{D78B08FF-E650-4CB4-BBF2-261A2A087CA1}.Release|Any CPU.Build.0 = Release|Any CPU
	EndGlobalSection
	GlobalSection(SolutionProperties) = preSolution
		HideSolutionNode = FALSE
	EndGlobalSection
	GlobalSection(ExtensibilityGlobals) = postSolution
		SolutionGuid = {CAE5B767-1610-40FB-BB27-1BD63D14AE6F}
	EndGlobalSection
	GlobalSection(TeamFoundationVersionControl) = preSolution
		SccNumberOfProjects = 3
		SccEnterpriseProvider = {4CA58AB2-18FA-4F8D-95D4-32DDF27D184C}
		SccTeamFoundationServer = http://192.168.0.104:8080/tfs/adaposv5collections
		SccLocalPath0 = .
		SccProjectUniqueName1 = AdaTAsk\\AdaTask.csproj
		SccProjectName1 = AdaTAsk
		SccLocalPath1 = AdaTAsk
		SccProjectUniqueName2 = TestApp\\TestApp.csproj
		SccProjectName2 = TestApp
		SccLocalPath2 = TestApp
	EndGlobalSection
EndGlobal
