
Microsoft Visual Studio Solution File, Format Version 12.00
# Visual Studio 15
VisualStudioVersion = 15.0.28307.902
MinimumVisualStudioVersion = 10.0.40219.1
Project("{FAE04EC0-301F-11D3-BF4B-00C04F79EFBC}") = "API2ARDoc", "API2ARDoc\API2ARDoc.csproj", "{C3F91624-A5F8-4CEE-A477-10B2765CD208}"
EndProject
Global
	GlobalSection(SolutionConfigurationPlatforms) = preSolution
		Debug|Any CPU = Debug|Any CPU
		Release|Any CPU = Release|Any CPU
	EndGlobalSection
	GlobalSection(ProjectConfigurationPlatforms) = postSolution
		{C3F91624-A5F8-4CEE-A477-10B2765CD208}.Debug|Any CPU.ActiveCfg = Debug|Any CPU
		{C3F91624-A5F8-4CEE-A477-10B2765CD208}.Debug|Any CPU.Build.0 = Debug|Any CPU
		{C3F91624-A5F8-4CEE-A477-10B2765CD208}.Release|Any CPU.ActiveCfg = Release|Any CPU
		{C3F91624-A5F8-4CEE-A477-10B2765CD208}.Release|Any CPU.Build.0 = Release|Any CPU
	EndGlobalSection
	GlobalSection(SolutionProperties) = preSolution
		HideSolutionNode = FALSE
	EndGlobalSection
	GlobalSection(ExtensibilityGlobals) = postSolution
		SolutionGuid = {99B608D9-666F-4D73-95BF-6AF70F9D2746}
	EndGlobalSection
	GlobalSection(TeamFoundationVersionControl) = preSolution
		SccNumberOfProjects = 2
		SccEnterpriseProvider = {4CA58AB2-18FA-4F8D-95D4-32DDF27D184C}
		SccTeamFoundationServer = http://192.168.0.104:8080/tfs/adaposv5collections
		SccLocalPath0 = .
		SccProjectUniqueName1 = API2ARDoc\\API2ARDoc.csproj
		SccProjectName1 = API2ARDoc
		SccLocalPath1 = API2ARDoc
	EndGlobalSection
EndGlobal
