
Microsoft Visual Studio Solution File, Format Version 12.00
# Visual Studio Version 17
VisualStudioVersion = 17.8.34330.188
MinimumVisualStudioVersion = 10.0.40219.1
Project("{FAE04EC0-301F-11D3-BF4B-00C04F79EFBC}") = "Trade_forex", "Trade_forex\Trade_forex.csproj", "{1221665D-3E2C-4776-AE26-458060415C18}"
EndProject
Global
	GlobalSection(SolutionConfigurationPlatforms) = preSolution
		Debug|Any CPU = Debug|Any CPU
		Release|Any CPU = Release|Any CPU
	EndGlobalSection
	GlobalSection(ProjectConfigurationPlatforms) = postSolution
		{1221665D-3E2C-4776-AE26-458060415C18}.Debug|Any CPU.ActiveCfg = Debug|Any CPU
		{1221665D-3E2C-4776-AE26-458060415C18}.Debug|Any CPU.Build.0 = Debug|Any CPU
		{1221665D-3E2C-4776-AE26-458060415C18}.Release|Any CPU.ActiveCfg = Release|Any CPU
		{1221665D-3E2C-4776-AE26-458060415C18}.Release|Any CPU.Build.0 = Release|Any CPU
	EndGlobalSection
	GlobalSection(SolutionProperties) = preSolution
		HideSolutionNode = FALSE
	EndGlobalSection
	GlobalSection(ExtensibilityGlobals) = postSolution
		SolutionGuid = {7D5506DD-7405-4D6A-865A-DD401B763A0C}
	EndGlobalSection
EndGlobal
