
Microsoft Visual Studio Solution File, Format Version 12.00
# Visual Studio 15
VisualStudioVersion = 15.0.28010.2016
MinimumVisualStudioVersion = 10.0.40219.1
Project("{FAE04EC0-301F-11D3-BF4B-00C04F79EFBC}") = "API2PSMaster", "API2PSMaster\API2PSMaster.csproj", "{3202B377-9353-4F0C-8AB6-0D83D3F664A7}"
EndProject
Global
	GlobalSection(SolutionConfigurationPlatforms) = preSolution
		Debug|Any CPU = Debug|Any CPU
		Release|Any CPU = Release|Any CPU
	EndGlobalSection
	GlobalSection(ProjectConfigurationPlatforms) = postSolution
		{3202B377-9353-4F0C-8AB6-0D83D3F664A7}.Debug|Any CPU.ActiveCfg = Debug|Any CPU
		{3202B377-9353-4F0C-8AB6-0D83D3F664A7}.Debug|Any CPU.Build.0 = Debug|Any CPU
		{3202B377-9353-4F0C-8AB6-0D83D3F664A7}.Release|Any CPU.ActiveCfg = Release|Any CPU
		{3202B377-9353-4F0C-8AB6-0D83D3F664A7}.Release|Any CPU.Build.0 = Release|Any CPU
	EndGlobalSection
	GlobalSection(SolutionProperties) = preSolution
		HideSolutionNode = FALSE
	EndGlobalSection
	GlobalSection(ExtensibilityGlobals) = postSolution
		SolutionGuid = {BCB2F0E5-C1D1-4D89-ADBE-8905DEC95AAD}
	EndGlobalSection
	GlobalSection(TeamFoundationVersionControl) = preSolution
		SccNumberOfProjects = 2
		SccEnterpriseProvider = {4CA58AB2-18FA-4F8D-95D4-32DDF27D184C}
		SccTeamFoundationServer = http://192.168.0.104:8080/tfs/adaposv5collections
		SccLocalPath0 = .
		SccProjectUniqueName1 = API2PSMaster\\API2PSMaster.csproj
		SccProjectName1 = API2PSMaster
		SccLocalPath1 = API2PSMaster
	EndGlobalSection
EndGlobal
